
Microsoft Visual Studio Solution File, Format Version 12.00
# Visual Studio 2017
Project("{FAE04EC0-301F-11D3-BF4B-00C04F79EFBC}") = "HackRiddle", "HackRiddle.csproj", "{2BE40C45-5FCD-E598-4414-A4BE90272C0C}"
EndProject
Project("{FAE04EC0-301F-11D3-BF4B-00C04F79EFBC}") = "HackRiddle.Editor", "HackRiddle.Editor.csproj", "{374E6D92-0C8E-F8ED-D135-4D6F95B12EB6}"
EndProject
Global
	GlobalSection(SolutionConfigurationPlatforms) = preSolution
		Debug|Any CPU = Debug|Any CPU
		Release|Any CPU = Release|Any CPU
	EndGlobalSection
	GlobalSection(ProjectConfigurationPlatforms) = postSolution
		{2BE40C45-5FCD-E598-4414-A4BE90272C0C}.Debug|Any CPU.ActiveCfg = Debug|Any CPU
		{2BE40C45-5FCD-E598-4414-A4BE90272C0C}.Debug|Any CPU.Build.0 = Debug|Any CPU
		{2BE40C45-5FCD-E598-4414-A4BE90272C0C}.Release|Any CPU.ActiveCfg = Release|Any CPU
		{2BE40C45-5FCD-E598-4414-A4BE90272C0C}.Release|Any CPU.Build.0 = Release|Any CPU
		{374E6D92-0C8E-F8ED-D135-4D6F95B12EB6}.Debug|Any CPU.ActiveCfg = Debug|Any CPU
		{374E6D92-0C8E-F8ED-D135-4D6F95B12EB6}.Debug|Any CPU.Build.0 = Debug|Any CPU
		{374E6D92-0C8E-F8ED-D135-4D6F95B12EB6}.Release|Any CPU.ActiveCfg = Release|Any CPU
		{374E6D92-0C8E-F8ED-D135-4D6F95B12EB6}.Release|Any CPU.Build.0 = Release|Any CPU
	EndGlobalSection
	GlobalSection(SolutionProperties) = preSolution
		HideSolutionNode = FALSE
	EndGlobalSection
EndGlobal
